PODS:
  - Alamofire (4.0.1)
  - Cartography (1.0.0)
  - CircleProgressView (1.0.12)
  - Jukebox (0.2.0)
  - SwiftyJSON (3.1.0)

DEPENDENCIES:
  - Alamofire (~> 4.0)
  - Cartography
  - CircleProgressView (from `https://github.com/CardinalNow/iOS-CircleProgressView.git`)
  - Jukebox (from `https://github.com/samuelbeek/Jukebox.git`)
  - SwiftyJSON

EXTERNAL SOURCES:
  CircleProgressView:
    :git: https://github.com/CardinalNow/iOS-CircleProgressView.git
  Jukebox:
    :git: https://github.com/samuelbeek/Jukebox.git

CHECKOUT OPTIONS:
  CircleProgressView:
    :commit: 693e68fcda4f143833b0a606d7054b8f46121aa1
    :git: https://github.com/CardinalNow/iOS-CircleProgressView.git
  Jukebox:
    :commit: f2d5b13314fa164d60880dbf257df5182f4aabe0
    :git: https://github.com/samuelbeek/Jukebox.git

SPEC CHECKSUMS:
  Alamofire: 7682d43245de14874acd142ec137b144aa1dd335
  Cartography: e576cf19c0c1f201686180bcf4537f981574ce8d
  CircleProgressView: 834221d738f5fb5120c0677364ae4e6cb675eac7
  Jukebox: 7526061487018bb66e687cd38abf8c637901b78f
  SwiftyJSON: 29b9f2a64f118c07e691667c2ba1efe536acfe0b

PODFILE CHECKSUM: 508d7b6bb33d378ac87203c17ad9d343ede18b36

COCOAPODS: 1.1.0.rc.2
