PODS:
  - Alamofire (4.0.1)
  - Cartography (1.0.1)
  - RPCircularProgress (0.3.0)
  - SwiftyJSON (3.1.1)

DEPENDENCIES:
  - Alamofire (~> 4.0)
  - Cartography
  - RPCircularProgress (from `https://github.com/iwasrobbed/RPCircularProgress`)
  - SwiftyJSON

EXTERNAL SOURCES:
  RPCircularProgress:
    :git: https://github.com/iwasrobbed/RPCircularProgress

CHECKOUT OPTIONS:
  RPCircularProgress:
    :commit: 1e1eaaa42a208db47af4f7c5629f32d2e6cb5ee6
    :git: https://github.com/iwasrobbed/RPCircularProgress

SPEC CHECKSUMS:
  Alamofire: 7682d43245de14874acd142ec137b144aa1dd335
  Cartography: c1460e99395b824d9d75360b0382faeb0b33dcd7
  RPCircularProgress: 46bee24642e0cb8de53f49e6c85733b9c45dee33
  SwiftyJSON: f0be2e604f83e8405a624e9f891898bf6ed4e019

PODFILE CHECKSUM: 3daa0b7cfb436cdbb584d3fc8c04caaf676a4542

COCOAPODS: 1.1.0.rc.2
