// !$*UTF8*$!
{
	archiveVersion = 1;
	classes = {
	};
	objectVersion = 46;
	objects = {

/* Begin PBXBuildFile section */
		5B28BB511D7DA7110072B8B0 /* PrintExtensions.swift in Sources */ = {isa = PBXBuildFile; fileRef = 5B28BB501D7DA7110072B8B0 /* PrintExtensions.swift */; };
		5B841B3B1D2AE3A4001A719A /* CenteredCellCollectionViewLayout.swift in Sources */ = {isa = PBXBuildFile; fileRef = 5B841B3A1D2AE3A4001A719A /* CenteredCellCollectionViewLayout.swift */; };
		5B841B3D1D2AE56B001A719A /* PlayerView.swift in Sources */ = {isa = PBXBuildFile; fileRef = 5B841B3C1D2AE56B001A719A /* PlayerView.swift */; };
		5B841B3F1D2AEE66001A719A /* PodcastCollectionViewCell.swift in Sources */ = {isa = PBXBuildFile; fileRef = 5B841B3E1D2AEE66001A719A /* PodcastCollectionViewCell.swift */; };
		5B841B411D2AF432001A719A /* DoubleExtensions.swift in Sources */ = {isa = PBXBuildFile; fileRef = 5B841B401D2AF432001A719A /* DoubleExtensions.swift */; };
		5BAC54A91CEE4E680068BECA /* AppDelegate.swift in Sources */ = {isa = PBXBuildFile; fileRef = 5BAC54A81CEE4E680068BECA /* AppDelegate.swift */; };
		5BAC54B01CEE4E680068BECA /* Assets.xcassets in Resources */ = {isa = PBXBuildFile; fileRef = 5BAC54AF1CEE4E680068BECA /* Assets.xcassets */; };
		5BAC54B31CEE4E680068BECA /* LaunchScreen.storyboard in Resources */ = {isa = PBXBuildFile; fileRef = 5BAC54B11CEE4E680068BECA /* LaunchScreen.storyboard */; };
		5BAC54BF1CEE54B90068BECA /* StationTableViewController.swift in Sources */ = {isa = PBXBuildFile; fileRef = 5BAC54BE1CEE54B90068BECA /* StationTableViewController.swift */; };
		5BAC54D21CEE559E0068BECA /* CellProviding.swift in Sources */ = {isa = PBXBuildFile; fileRef = 5BAC54C21CEE559E0068BECA /* CellProviding.swift */; };
		5BAC54D31CEE559E0068BECA /* CollectionViewDataSource.swift in Sources */ = {isa = PBXBuildFile; fileRef = 5BAC54C31CEE559E0068BECA /* CollectionViewDataSource.swift */; };
		5BAC54D41CEE559E0068BECA /* CollectionViewDataSourceable.swift in Sources */ = {isa = PBXBuildFile; fileRef = 5BAC54C41CEE559E0068BECA /* CollectionViewDataSourceable.swift */; };
		5BAC54D51CEE559E0068BECA /* CollectionViewDataSourceProxy.swift in Sources */ = {isa = PBXBuildFile; fileRef = 5BAC54C51CEE559E0068BECA /* CollectionViewDataSourceProxy.swift */; };
		5BAC54D61CEE559E0068BECA /* DataContaining.swift in Sources */ = {isa = PBXBuildFile; fileRef = 5BAC54C61CEE559E0068BECA /* DataContaining.swift */; };
		5BAC54D71CEE559E0068BECA /* ElementsContaining.swift in Sources */ = {isa = PBXBuildFile; fileRef = 5BAC54C81CEE559E0068BECA /* ElementsContaining.swift */; };
		5BAC54D81CEE559E0068BECA /* EmptyCheckable.swift in Sources */ = {isa = PBXBuildFile; fileRef = 5BAC54C91CEE559E0068BECA /* EmptyCheckable.swift */; };
		5BAC54DA1CEE559E0068BECA /* Loadable.swift in Sources */ = {isa = PBXBuildFile; fileRef = 5BAC54CB1CEE559E0068BECA /* Loadable.swift */; };
		5BAC54DB1CEE559E0068BECA /* Sectionable.swift in Sources */ = {isa = PBXBuildFile; fileRef = 5BAC54CC1CEE559E0068BECA /* Sectionable.swift */; };
		5BAC54DC1CEE559E0068BECA /* SectionType.swift in Sources */ = {isa = PBXBuildFile; fileRef = 5BAC54CD1CEE559E0068BECA /* SectionType.swift */; };
		5BAC54DD1CEE559E0068BECA /* State.swift in Sources */ = {isa = PBXBuildFile; fileRef = 5BAC54CE1CEE559E0068BECA /* State.swift */; };
		5BAC54DE1CEE559E0068BECA /* TableViewDataSource.swift in Sources */ = {isa = PBXBuildFile; fileRef = 5BAC54CF1CEE559E0068BECA /* TableViewDataSource.swift */; };
		5BAC54DF1CEE559E0068BECA /* TableViewDataSourceable.swift in Sources */ = {isa = PBXBuildFile; fileRef = 5BAC54D01CEE559E0068BECA /* TableViewDataSourceable.swift */; };
		5BAC54E01CEE559E0068BECA /* TableViewDataSourceProxy.swift in Sources */ = {isa = PBXBuildFile; fileRef = 5BAC54D11CEE559E0068BECA /* TableViewDataSourceProxy.swift */; };
		5BAC54E21CEE56590068BECA /* Constants.swift in Sources */ = {isa = PBXBuildFile; fileRef = 5BAC54E11CEE56590068BECA /* Constants.swift */; };
		5BAC54E41CEE61E40068BECA /* PodcastDataSource.swift in Sources */ = {isa = PBXBuildFile; fileRef = 5BAC54E31CEE61E40068BECA /* PodcastDataSource.swift */; };
		5BAC54E61CEE62330068BECA /* Podcast.swift in Sources */ = {isa = PBXBuildFile; fileRef = 5BAC54E51CEE62330068BECA /* Podcast.swift */; };
		5BAC54E81CEE63470068BECA /* API.swift in Sources */ = {isa = PBXBuildFile; fileRef = 5BAC54E71CEE63470068BECA /* API.swift */; };
		5BAC54EA1CEE6EF70068BECA /* Station.swift in Sources */ = {isa = PBXBuildFile; fileRef = 5BAC54E91CEE6EF70068BECA /* Station.swift */; };
		5BAC54EC1CEE6F5C0068BECA /* StationDataSource.swift in Sources */ = {isa = PBXBuildFile; fileRef = 5BAC54EB1CEE6F5C0068BECA /* StationDataSource.swift */; };
		5BAC54EE1CEE6FA90068BECA /* PlayerViewController.swift in Sources */ = {isa = PBXBuildFile; fileRef = 5BAC54ED1CEE6FA90068BECA /* PlayerViewController.swift */; };
		5BAC54F01CEE7BB70068BECA /* MasterViewController.swift in Sources */ = {isa = PBXBuildFile; fileRef = 5BAC54EF1CEE7BB70068BECA /* MasterViewController.swift */; };
		5BAC54F21CEE7F8B0068BECA /* AudioPlayer.swift in Sources */ = {isa = PBXBuildFile; fileRef = 5BAC54F11CEE7F8B0068BECA /* AudioPlayer.swift */; };
		5BAC54F51CEF087E0068BECA /* Playable.swift in Sources */ = {isa = PBXBuildFile; fileRef = 5BAC54F41CEF087E0068BECA /* Playable.swift */; };
		5BD4B6A91D42668C00A7A19F /* UIViewControllerExtensions.swift in Sources */ = {isa = PBXBuildFile; fileRef = 5BD4B6A81D42668C00A7A19F /* UIViewControllerExtensions.swift */; };
		5BD4B6AB1D42671600A7A19F /* StringExtensions.swift in Sources */ = {isa = PBXBuildFile; fileRef = 5BD4B6AA1D42671600A7A19F /* StringExtensions.swift */; };
		5BF4B20C1D37F55300D6C8E9 /* ArrayExtensions.swift in Sources */ = {isa = PBXBuildFile; fileRef = 5BF4B20B1D37F55300D6C8E9 /* ArrayExtensions.swift */; };
		5BFDBF8C1D073F420042949E /* ChannelTableViewCell.swift in Sources */ = {isa = PBXBuildFile; fileRef = 5BFDBF8B1D073F420042949E /* ChannelTableViewCell.swift */; };
		5BFDBF8E1D073FF30042949E /* Styles.swift in Sources */ = {isa = PBXBuildFile; fileRef = 5BFDBF8D1D073FF30042949E /* Styles.swift */; };
		5BFDBF911D08192E0042949E /* UIcolorExtensions.swift in Sources */ = {isa = PBXBuildFile; fileRef = 5BFDBF901D08192E0042949E /* UIcolorExtensions.swift */; };
		CD7B90E725843AE806E7F4C0 /* Pods_jeanmichel.framework in Frameworks */ = {isa = PBXBuildFile; fileRef = 827D7768A15AFFFF07AF20BA /* Pods_jeanmichel.framework */; };
/* End PBXBuildFile section */

/* Begin PBXFileReference section */
		5B28BB501D7DA7110072B8B0 /* PrintExtensions.swift */ = {isa = PBXFileReference; fileEncoding = 4; lastKnownFileType = sourcecode.swift; name = PrintExtensions.swift; path = Extensions/PrintExtensions.swift; sourceTree = "<group>"; };
		5B841B3A1D2AE3A4001A719A /* CenteredCellCollectionViewLayout.swift */ = {isa = PBXFileReference; fileEncoding = 4; lastKnownFileType = sourcecode.swift; path = CenteredCellCollectionViewLayout.swift; sourceTree = "<group>"; };
		5B841B3C1D2AE56B001A719A /* PlayerView.swift */ = {isa = PBXFileReference; fileEncoding = 4; lastKnownFileType = sourcecode.swift; path = PlayerView.swift; sourceTree = "<group>"; };
		5B841B3E1D2AEE66001A719A /* PodcastCollectionViewCell.swift */ = {isa = PBXFileReference; fileEncoding = 4; lastKnownFileType = sourcecode.swift; path = PodcastCollectionViewCell.swift; sourceTree = "<group>"; };
		5B841B401D2AF432001A719A /* DoubleExtensions.swift */ = {isa = PBXFileReference; fileEncoding = 4; lastKnownFileType = sourcecode.swift; name = DoubleExtensions.swift; path = Extensions/DoubleExtensions.swift; sourceTree = "<group>"; };
		5BAC54A51CEE4E680068BECA /* On The Air.app */ = {isa = PBXFileReference; explicitFileType = wrapper.application; includeInIndex = 0; path = "On The Air.app"; sourceTree = BUILT_PRODUCTS_DIR; };
		5BAC54A81CEE4E680068BECA /* AppDelegate.swift */ = {isa = PBXFileReference; lastKnownFileType = sourcecode.swift; path = AppDelegate.swift; sourceTree = "<group>"; };
		5BAC54AF1CEE4E680068BECA /* Assets.xcassets */ = {isa = PBXFileReference; lastKnownFileType = folder.assetcatalog; path = Assets.xcassets; sourceTree = "<group>"; };
		5BAC54B21CEE4E680068BECA /* Base */ = {isa = PBXFileReference; lastKnownFileType = file.storyboard; name = Base; path = Base.lproj/LaunchScreen.storyboard; sourceTree = "<group>"; };
		5BAC54B41CEE4E680068BECA /* Info.plist */ = {isa = PBXFileReference; lastKnownFileType = text.plist.xml; path = Info.plist; sourceTree = "<group>"; };
		5BAC54BE1CEE54B90068BECA /* StationTableViewController.swift */ = {isa = PBXFileReference; fileEncoding = 4; lastKnownFileType = sourcecode.swift; path = StationTableViewController.swift; sourceTree = "<group>"; };
		5BAC54C21CEE559E0068BECA /* CellProviding.swift */ = {isa = PBXFileReference; fileEncoding = 4; lastKnownFileType = sourcecode.swift; lineEnding = 0; path = CellProviding.swift; sourceTree = "<group>"; xcLanguageSpecificationIdentifier = xcode.lang.swift; };
		5BAC54C31CEE559E0068BECA /* CollectionViewDataSource.swift */ = {isa = PBXFileReference; fileEncoding = 4; lastKnownFileType = sourcecode.swift; lineEnding = 0; path = CollectionViewDataSource.swift; sourceTree = "<group>"; xcLanguageSpecificationIdentifier = xcode.lang.swift; };
		5BAC54C41CEE559E0068BECA /* CollectionViewDataSourceable.swift */ = {isa = PBXFileReference; fileEncoding = 4; lastKnownFileType = sourcecode.swift; lineEnding = 0; path = CollectionViewDataSourceable.swift; sourceTree = "<group>"; xcLanguageSpecificationIdentifier = xcode.lang.swift; };
		5BAC54C51CEE559E0068BECA /* CollectionViewDataSourceProxy.swift */ = {isa = PBXFileReference; fileEncoding = 4; lastKnownFileType = sourcecode.swift; lineEnding = 0; path = CollectionViewDataSourceProxy.swift; sourceTree = "<group>"; xcLanguageSpecificationIdentifier = xcode.lang.swift; };
		5BAC54C61CEE559E0068BECA /* DataContaining.swift */ = {isa = PBXFileReference; fileEncoding = 4; lastKnownFileType = sourcecode.swift; lineEnding = 0; path = DataContaining.swift; sourceTree = "<group>"; xcLanguageSpecificationIdentifier = xcode.lang.swift; };
		5BAC54C81CEE559E0068BECA /* ElementsContaining.swift */ = {isa = PBXFileReference; fileEncoding = 4; lastKnownFileType = sourcecode.swift; lineEnding = 0; path = ElementsContaining.swift; sourceTree = "<group>"; xcLanguageSpecificationIdentifier = xcode.lang.swift; };
		5BAC54C91CEE559E0068BECA /* EmptyCheckable.swift */ = {isa = PBXFileReference; fileEncoding = 4; lastKnownFileType = sourcecode.swift; path = EmptyCheckable.swift; sourceTree = "<group>"; };
		5BAC54CB1CEE559E0068BECA /* Loadable.swift */ = {isa = PBXFileReference; fileEncoding = 4; lastKnownFileType = sourcecode.swift; path = Loadable.swift; sourceTree = "<group>"; };
		5BAC54CC1CEE559E0068BECA /* Sectionable.swift */ = {isa = PBXFileReference; fileEncoding = 4; lastKnownFileType = sourcecode.swift; lineEnding = 0; path = Sectionable.swift; sourceTree = "<group>"; xcLanguageSpecificationIdentifier = xcode.lang.swift; };
		5BAC54CD1CEE559E0068BECA /* SectionType.swift */ = {isa = PBXFileReference; fileEncoding = 4; lastKnownFileType = sourcecode.swift; lineEnding = 0; path = SectionType.swift; sourceTree = "<group>"; xcLanguageSpecificationIdentifier = xcode.lang.swift; };
		5BAC54CE1CEE559E0068BECA /* State.swift */ = {isa = PBXFileReference; fileEncoding = 4; lastKnownFileType = sourcecode.swift; lineEnding = 0; path = State.swift; sourceTree = "<group>"; xcLanguageSpecificationIdentifier = xcode.lang.swift; };
		5BAC54CF1CEE559E0068BECA /* TableViewDataSource.swift */ = {isa = PBXFileReference; fileEncoding = 4; lastKnownFileType = sourcecode.swift; lineEnding = 0; path = TableViewDataSource.swift; sourceTree = "<group>"; xcLanguageSpecificationIdentifier = xcode.lang.swift; };
		5BAC54D01CEE559E0068BECA /* TableViewDataSourceable.swift */ = {isa = PBXFileReference; fileEncoding = 4; lastKnownFileType = sourcecode.swift; lineEnding = 0; path = TableViewDataSourceable.swift; sourceTree = "<group>"; xcLanguageSpecificationIdentifier = xcode.lang.swift; };
		5BAC54D11CEE559E0068BECA /* TableViewDataSourceProxy.swift */ = {isa = PBXFileReference; fileEncoding = 4; lastKnownFileType = sourcecode.swift; lineEnding = 0; path = TableViewDataSourceProxy.swift; sourceTree = "<group>"; xcLanguageSpecificationIdentifier = xcode.lang.swift; };
		5BAC54E11CEE56590068BECA /* Constants.swift */ = {isa = PBXFileReference; fileEncoding = 4; lastKnownFileType = sourcecode.swift; path = Constants.swift; sourceTree = "<group>"; };
		5BAC54E31CEE61E40068BECA /* PodcastDataSource.swift */ = {isa = PBXFileReference; fileEncoding = 4; lastKnownFileType = sourcecode.swift; path = PodcastDataSource.swift; sourceTree = "<group>"; };
		5BAC54E51CEE62330068BECA /* Podcast.swift */ = {isa = PBXFileReference; fileEncoding = 4; lastKnownFileType = sourcecode.swift; path = Podcast.swift; sourceTree = "<group>"; };
		5BAC54E71CEE63470068BECA /* API.swift */ = {isa = PBXFileReference; fileEncoding = 4; lastKnownFileType = sourcecode.swift; path = API.swift; sourceTree = "<group>"; };
		5BAC54E91CEE6EF70068BECA /* Station.swift */ = {isa = PBXFileReference; fileEncoding = 4; lastKnownFileType = sourcecode.swift; path = Station.swift; sourceTree = "<group>"; };
		5BAC54EB1CEE6F5C0068BECA /* StationDataSource.swift */ = {isa = PBXFileReference; fileEncoding = 4; lastKnownFileType = sourcecode.swift; path = StationDataSource.swift; sourceTree = "<group>"; };
		5BAC54ED1CEE6FA90068BECA /* PlayerViewController.swift */ = {isa = PBXFileReference; fileEncoding = 4; lastKnownFileType = sourcecode.swift; path = PlayerViewController.swift; sourceTree = "<group>"; };
		5BAC54EF1CEE7BB70068BECA /* MasterViewController.swift */ = {isa = PBXFileReference; fileEncoding = 4; lastKnownFileType = sourcecode.swift; path = MasterViewController.swift; sourceTree = "<group>"; };
		5BAC54F11CEE7F8B0068BECA /* AudioPlayer.swift */ = {isa = PBXFileReference; fileEncoding = 4; lastKnownFileType = sourcecode.swift; name = AudioPlayer.swift; path = Utilities/AudioPlayer.swift; sourceTree = "<group>"; };
		5BAC54F41CEF087E0068BECA /* Playable.swift */ = {isa = PBXFileReference; fileEncoding = 4; lastKnownFileType = sourcecode.swift; name = Playable.swift; path = Protocols/Playable.swift; sourceTree = "<group>"; };
		5BD4B6A81D42668C00A7A19F /* UIViewControllerExtensions.swift */ = {isa = PBXFileReference; fileEncoding = 4; lastKnownFileType = sourcecode.swift; name = UIViewControllerExtensions.swift; path = Extensions/UIViewControllerExtensions.swift; sourceTree = "<group>"; };
		5BD4B6AA1D42671600A7A19F /* StringExtensions.swift */ = {isa = PBXFileReference; fileEncoding = 4; lastKnownFileType = sourcecode.swift; name = StringExtensions.swift; path = Extensions/StringExtensions.swift; sourceTree = "<group>"; };
		5BF4B20B1D37F55300D6C8E9 /* ArrayExtensions.swift */ = {isa = PBXFileReference; fileEncoding = 4; lastKnownFileType = sourcecode.swift; name = ArrayExtensions.swift; path = Extensions/ArrayExtensions.swift; sourceTree = "<group>"; };
		5BFDBF8B1D073F420042949E /* ChannelTableViewCell.swift */ = {isa = PBXFileReference; fileEncoding = 4; lastKnownFileType = sourcecode.swift; path = ChannelTableViewCell.swift; sourceTree = "<group>"; };
		5BFDBF8D1D073FF30042949E /* Styles.swift */ = {isa = PBXFileReference; fileEncoding = 4; lastKnownFileType = sourcecode.swift; path = Styles.swift; sourceTree = "<group>"; };
		5BFDBF901D08192E0042949E /* UIcolorExtensions.swift */ = {isa = PBXFileReference; fileEncoding = 4; lastKnownFileType = sourcecode.swift; name = UIcolorExtensions.swift; path = Extensions/UIcolorExtensions.swift; sourceTree = "<group>"; };
		6151EB817A0A56E4929BC15E /* Pods-jeanmichel.debug.xcconfig */ = {isa = PBXFileReference; includeInIndex = 1; lastKnownFileType = text.xcconfig; name = "Pods-jeanmichel.debug.xcconfig"; path = "Pods/Target Support Files/Pods-jeanmichel/Pods-jeanmichel.debug.xcconfig"; sourceTree = "<group>"; };
		827D7768A15AFFFF07AF20BA /* Pods_jeanmichel.framework */ = {isa = PBXFileReference; explicitFileType = wrapper.framework; includeInIndex = 0; path = Pods_jeanmichel.framework; sourceTree = BUILT_PRODUCTS_DIR; };
		D1FE79C6C12FD9BD3B9039C4 /* Pods-jeanmichel.release.xcconfig */ = {isa = PBXFileReference; includeInIndex = 1; lastKnownFileType = text.xcconfig; name = "Pods-jeanmichel.release.xcconfig"; path = "Pods/Target Support Files/Pods-jeanmichel/Pods-jeanmichel.release.xcconfig"; sourceTree = "<group>"; };
/* End PBXFileReference section */

/* Begin PBXFrameworksBuildPhase section */
		5BAC54A21CEE4E680068BECA /* Frameworks */ = {
			isa = PBXFrameworksBuildPhase;
			buildActionMask = 2147483647;
			files = (
				CD7B90E725843AE806E7F4C0 /* Pods_jeanmichel.framework in Frameworks */,
			);
			runOnlyForDeploymentPostprocessing = 0;
		};
/* End PBXFrameworksBuildPhase section */

/* Begin PBXGroup section */
		5BAC549C1CEE4E680068BECA = {
			isa = PBXGroup;
			children = (
				5BAC54A71CEE4E680068BECA /* jeanmichel */,
				E98538736B85E0E253532A5B /* Frameworks */,
				E817AC09F95ECA11AC598BA4 /* Pods */,
				5BAC54A61CEE4E680068BECA /* Products */,
			);
			sourceTree = "<group>";
		};
		5BAC54A61CEE4E680068BECA /* Products */ = {
			isa = PBXGroup;
			children = (
				5BAC54A51CEE4E680068BECA /* On The Air.app */,
			);
			name = Products;
			sourceTree = "<group>";
		};
		5BAC54A71CEE4E680068BECA /* jeanmichel */ = {
			isa = PBXGroup;
			children = (
				5BAC54A81CEE4E680068BECA /* AppDelegate.swift */,
				5BFDBF8F1D08191E0042949E /* Extensions */,
				5BAC54BC1CEE53D80068BECA /* Controllers */,
				5BAC54BA1CEE53CB0068BECA /* Models */,
				5BAC54BB1CEE53D20068BECA /* Views */,
				5BAC54C01CEE559E0068BECA /* External */,
				5BAC54BD1CEE53F20068BECA /* Resources */,
				5BAC54F31CEE7F970068BECA /* Utilities */,
				5BAC54F61CEF08840068BECA /* Protocols */,
			);
			path = jeanmichel;
			sourceTree = "<group>";
		};
		5BAC54BA1CEE53CB0068BECA /* Models */ = {
			isa = PBXGroup;
			children = (
				5BAC54E71CEE63470068BECA /* API.swift */,
				5BAC54E11CEE56590068BECA /* Constants.swift */,
				5BAC54E51CEE62330068BECA /* Podcast.swift */,
				5BAC54E91CEE6EF70068BECA /* Station.swift */,
				5BAC54E31CEE61E40068BECA /* PodcastDataSource.swift */,
				5BAC54EB1CEE6F5C0068BECA /* StationDataSource.swift */,
				5BFDBF8D1D073FF30042949E /* Styles.swift */,
			);
			path = Models;
			sourceTree = "<group>";
		};
		5BAC54BB1CEE53D20068BECA /* Views */ = {
			isa = PBXGroup;
			children = (
				5BFDBF8B1D073F420042949E /* ChannelTableViewCell.swift */,
				5B841B3A1D2AE3A4001A719A /* CenteredCellCollectionViewLayout.swift */,
				5B841B3C1D2AE56B001A719A /* PlayerView.swift */,
				5B841B3E1D2AEE66001A719A /* PodcastCollectionViewCell.swift */,
			);
			path = Views;
			sourceTree = "<group>";
		};
		5BAC54BC1CEE53D80068BECA /* Controllers */ = {
			isa = PBXGroup;
			children = (
				5BAC54BE1CEE54B90068BECA /* StationTableViewController.swift */,
				5BAC54ED1CEE6FA90068BECA /* PlayerViewController.swift */,
				5BAC54EF1CEE7BB70068BECA /* MasterViewController.swift */,
			);
			path = Controllers;
			sourceTree = "<group>";
		};
		5BAC54BD1CEE53F20068BECA /* Resources */ = {
			isa = PBXGroup;
			children = (
				5BAC54AF1CEE4E680068BECA /* Assets.xcassets */,
				5BAC54B41CEE4E680068BECA /* Info.plist */,
				5BAC54B11CEE4E680068BECA /* LaunchScreen.storyboard */,
			);
			path = Resources;
			sourceTree = "<group>";
		};
		5BAC54C01CEE559E0068BECA /* External */ = {
			isa = PBXGroup;
			children = (
				5BAC54C11CEE559E0068BECA /* DataSourceable */,
			);
			path = External;
			sourceTree = "<group>";
		};
		5BAC54C11CEE559E0068BECA /* DataSourceable */ = {
			isa = PBXGroup;
			children = (
				5BAC54C21CEE559E0068BECA /* CellProviding.swift */,
				5BAC54C31CEE559E0068BECA /* CollectionViewDataSource.swift */,
				5BAC54C41CEE559E0068BECA /* CollectionViewDataSourceable.swift */,
				5BAC54C51CEE559E0068BECA /* CollectionViewDataSourceProxy.swift */,
				5BAC54C61CEE559E0068BECA /* DataContaining.swift */,
				5BAC54C81CEE559E0068BECA /* ElementsContaining.swift */,
				5BAC54C91CEE559E0068BECA /* EmptyCheckable.swift */,
				5BAC54CB1CEE559E0068BECA /* Loadable.swift */,
				5BAC54CC1CEE559E0068BECA /* Sectionable.swift */,
				5BAC54CD1CEE559E0068BECA /* SectionType.swift */,
				5BAC54CE1CEE559E0068BECA /* State.swift */,
				5BAC54CF1CEE559E0068BECA /* TableViewDataSource.swift */,
				5BAC54D01CEE559E0068BECA /* TableViewDataSourceable.swift */,
				5BAC54D11CEE559E0068BECA /* TableViewDataSourceProxy.swift */,
			);
			path = DataSourceable;
			sourceTree = "<group>";
		};
		5BAC54F31CEE7F970068BECA /* Utilities */ = {
			isa = PBXGroup;
			children = (
				5BAC54F11CEE7F8B0068BECA /* AudioPlayer.swift */,
			);
			name = Utilities;
			sourceTree = "<group>";
		};
		5BAC54F61CEF08840068BECA /* Protocols */ = {
			isa = PBXGroup;
			children = (
				5BAC54F41CEF087E0068BECA /* Playable.swift */,
			);
			name = Protocols;
			sourceTree = "<group>";
		};
		5BFDBF8F1D08191E0042949E /* Extensions */ = {
			isa = PBXGroup;
			children = (
				5BFDBF901D08192E0042949E /* UIcolorExtensions.swift */,
				5B841B401D2AF432001A719A /* DoubleExtensions.swift */,
				5BF4B20B1D37F55300D6C8E9 /* ArrayExtensions.swift */,
				5BD4B6A81D42668C00A7A19F /* UIViewControllerExtensions.swift */,
				5BD4B6AA1D42671600A7A19F /* StringExtensions.swift */,
				5B28BB501D7DA7110072B8B0 /* PrintExtensions.swift */,
			);
			name = Extensions;
			sourceTree = "<group>";
		};
		E817AC09F95ECA11AC598BA4 /* Pods */ = {
			isa = PBXGroup;
			children = (
				6151EB817A0A56E4929BC15E /* Pods-jeanmichel.debug.xcconfig */,
				D1FE79C6C12FD9BD3B9039C4 /* Pods-jeanmichel.release.xcconfig */,
			);
			name = Pods;
			sourceTree = "<group>";
		};
		E98538736B85E0E253532A5B /* Frameworks */ = {
			isa = PBXGroup;
			children = (
				827D7768A15AFFFF07AF20BA /* Pods_jeanmichel.framework */,
			);
			name = Frameworks;
			sourceTree = "<group>";
		};
/* End PBXGroup section */

/* Begin PBXNativeTarget section */
		5BAC54A41CEE4E680068BECA /* jeanmichel */ = {
			isa = PBXNativeTarget;
			buildConfigurationList = 5BAC54B71CEE4E680068BECA /* Build configuration list for PBXNativeTarget "jeanmichel" */;
			buildPhases = (
				E67C2CC742350B34C7A02460 /* 📦 Check Pods Manifest.lock */,
				5BAC54A11CEE4E680068BECA /* Sources */,
				5BAC54A21CEE4E680068BECA /* Frameworks */,
				5BAC54A31CEE4E680068BECA /* Resources */,
				ADCC4F335CD8DEE439188D3B /* 📦 Embed Pods Frameworks */,
				EA7A2ED4AC2FEE494C0D6AFF /* 📦 Copy Pods Resources */,
			);
			buildRules = (
			);
			dependencies = (
			);
			name = jeanmichel;
			productName = jeanmichel;
			productReference = 5BAC54A51CEE4E680068BECA /* On The Air.app */;
			productType = "com.apple.product-type.application";
		};
/* End PBXNativeTarget section */

/* Begin PBXProject section */
		5BAC549D1CEE4E680068BECA /* Project object */ = {
			isa = PBXProject;
			attributes = {
				LastSwiftUpdateCheck = 0730;
				LastUpgradeCheck = 0730;
				ORGANIZATIONNAME = "Samuel Beek";
				TargetAttributes = {
					5BAC54A41CEE4E680068BECA = {
						CreatedOnToolsVersion = 7.3;
					};
				};
			};
			buildConfigurationList = 5BAC54A01CEE4E680068BECA /* Build configuration list for PBXProject "jeanmichel" */;
			compatibilityVersion = "Xcode 3.2";
			developmentRegion = English;
			hasScannedForEncodings = 0;
			knownRegions = (
				en,
				Base,
			);
			mainGroup = 5BAC549C1CEE4E680068BECA;
			productRefGroup = 5BAC54A61CEE4E680068BECA /* Products */;
			projectDirPath = "";
			projectRoot = "";
			targets = (
				5BAC54A41CEE4E680068BECA /* jeanmichel */,
			);
		};
/* End PBXProject section */

/* Begin PBXResourcesBuildPhase section */
		5BAC54A31CEE4E680068BECA /* Resources */ = {
			isa = PBXResourcesBuildPhase;
			buildActionMask = 2147483647;
			files = (
				5BAC54B31CEE4E680068BECA /* LaunchScreen.storyboard in Resources */,
				5BAC54B01CEE4E680068BECA /* Assets.xcassets in Resources */,
			);
			runOnlyForDeploymentPostprocessing = 0;
		};
/* End PBXResourcesBuildPhase section */

/* Begin PBXShellScriptBuildPhase section */
		ADCC4F335CD8DEE439188D3B /* 📦 Embed Pods Frameworks */ = {
			isa = PBXShellScriptBuildPhase;
			buildActionMask = 2147483647;
			files = (
			);
			inputPaths = (
			);
			name = "📦 Embed Pods Frameworks";
			outputPaths = (
			);
			runOnlyForDeploymentPostprocessing = 0;
			shellPath = /bin/sh;
			shellScript = "\"${SRCROOT}/Pods/Target Support Files/Pods-jeanmichel/Pods-jeanmichel-frameworks.sh\"\n";
			showEnvVarsInLog = 0;
		};
		E67C2CC742350B34C7A02460 /* 📦 Check Pods Manifest.lock */ = {
			isa = PBXShellScriptBuildPhase;
			buildActionMask = 2147483647;
			files = (
			);
			inputPaths = (
			);
			name = "📦 Check Pods Manifest.lock";
			outputPaths = (
			);
			runOnlyForDeploymentPostprocessing = 0;
			shellPath = /bin/sh;
			shellScript = "diff \"${PODS_ROOT}/../Podfile.lock\" \"${PODS_ROOT}/Manifest.lock\" > /dev/null\nif [[ $? != 0 ]] ; then\n    cat << EOM\nerror: The sandbox is not in sync with the Podfile.lock. Run 'pod install' or update your CocoaPods installation.\nEOM\n    exit 1\nfi\n";
			showEnvVarsInLog = 0;
		};
		EA7A2ED4AC2FEE494C0D6AFF /* 📦 Copy Pods Resources */ = {
			isa = PBXShellScriptBuildPhase;
			buildActionMask = 2147483647;
			files = (
			);
			inputPaths = (
			);
			name = "📦 Copy Pods Resources";
			outputPaths = (
			);
			runOnlyForDeploymentPostprocessing = 0;
			shellPath = /bin/sh;
			shellScript = "\"${SRCROOT}/Pods/Target Support Files/Pods-jeanmichel/Pods-jeanmichel-resources.sh\"\n";
			showEnvVarsInLog = 0;
		};
/* End PBXShellScriptBuildPhase section */

/* Begin PBXSourcesBuildPhase section */
		5BAC54A11CEE4E680068BECA /* Sources */ = {
			isa = PBXSourcesBuildPhase;
			buildActionMask = 2147483647;
			files = (
				5BAC54DF1CEE559E0068BECA /* TableViewDataSourceable.swift in Sources */,
				5B841B3D1D2AE56B001A719A /* PlayerView.swift in Sources */,
				5BAC54E21CEE56590068BECA /* Constants.swift in Sources */,
				5BAC54D41CEE559E0068BECA /* CollectionViewDataSourceable.swift in Sources */,
				5BAC54A91CEE4E680068BECA /* AppDelegate.swift in Sources */,
				5BAC54D71CEE559E0068BECA /* ElementsContaining.swift in Sources */,
				5BFDBF8C1D073F420042949E /* ChannelTableViewCell.swift in Sources */,
				5BAC54F21CEE7F8B0068BECA /* AudioPlayer.swift in Sources */,
				5BAC54D61CEE559E0068BECA /* DataContaining.swift in Sources */,
				5BAC54EE1CEE6FA90068BECA /* PlayerViewController.swift in Sources */,
				5B841B411D2AF432001A719A /* DoubleExtensions.swift in Sources */,
				5B28BB511D7DA7110072B8B0 /* PrintExtensions.swift in Sources */,
				5BF4B20C1D37F55300D6C8E9 /* ArrayExtensions.swift in Sources */,
				5BD4B6AB1D42671600A7A19F /* StringExtensions.swift in Sources */,
				5BAC54D51CEE559E0068BECA /* CollectionViewDataSourceProxy.swift in Sources */,
				5BAC54F01CEE7BB70068BECA /* MasterViewController.swift in Sources */,
				5BAC54D21CEE559E0068BECA /* CellProviding.swift in Sources */,
				5BAC54E61CEE62330068BECA /* Podcast.swift in Sources */,
				5BAC54BF1CEE54B90068BECA /* StationTableViewController.swift in Sources */,
				5B841B3F1D2AEE66001A719A /* PodcastCollectionViewCell.swift in Sources */,
				5BAC54E41CEE61E40068BECA /* PodcastDataSource.swift in Sources */,
				5BFDBF8E1D073FF30042949E /* Styles.swift in Sources */,
				5B841B3B1D2AE3A4001A719A /* CenteredCellCollectionViewLayout.swift in Sources */,
				5BAC54D31CEE559E0068BECA /* CollectionViewDataSource.swift in Sources */,
				5BAC54E01CEE559E0068BECA /* TableViewDataSourceProxy.swift in Sources */,
				5BAC54EA1CEE6EF70068BECA /* Station.swift in Sources */,
				5BAC54D81CEE559E0068BECA /* EmptyCheckable.swift in Sources */,
				5BAC54E81CEE63470068BECA /* API.swift in Sources */,
				5BAC54DD1CEE559E0068BECA /* State.swift in Sources */,
				5BD4B6A91D42668C00A7A19F /* UIViewControllerExtensions.swift in Sources */,
				5BAC54DA1CEE559E0068BECA /* Loadable.swift in Sources */,
				5BAC54DB1CEE559E0068BECA /* Sectionable.swift in Sources */,
				5BFDBF911D08192E0042949E /* UIcolorExtensions.swift in Sources */,
				5BAC54DE1CEE559E0068BECA /* TableViewDataSource.swift in Sources */,
				5BAC54DC1CEE559E0068BECA /* SectionType.swift in Sources */,
				5BAC54EC1CEE6F5C0068BECA /* StationDataSource.swift in Sources */,
				5BAC54F51CEF087E0068BECA /* Playable.swift in Sources */,
			);
			runOnlyForDeploymentPostprocessing = 0;
		};
/* End PBXSourcesBuildPhase section */

/* Begin PBXVariantGroup section */
		5BAC54B11CEE4E680068BECA /* LaunchScreen.storyboard */ = {
			isa = PBXVariantGroup;
			children = (
				5BAC54B21CEE4E680068BECA /* Base */,
			);
			name = LaunchScreen.storyboard;
			path = .;
			sourceTree = "<group>";
		};
/* End PBXVariantGroup section */

/* Begin XCBuildConfiguration section */
		5BAC54B51CEE4E680068BECA /* Debug */ = {
			isa = XCBuildConfiguration;
			buildSettings = {
				ALWAYS_SEARCH_USER_PATHS = NO;
				CLANG_ANALYZER_NONNULL = YES;
				CLANG_CXX_LANGUAGE_STANDARD = "gnu++0x";
				CLANG_CXX_LIBRARY = "libc++";
				CLANG_ENABLE_MODULES = YES;
				CLANG_ENABLE_OBJC_ARC = YES;
				CLANG_WARN_BOOL_CONVERSION = YES;
				CLANG_WARN_CONSTANT_CONVERSION = YES;
				CLANG_WARN_DIRECT_OBJC_ISA_USAGE = YES_ERROR;
				CLANG_WARN_EMPTY_BODY = YES;
				CLANG_WARN_ENUM_CONVERSION = YES;
				CLANG_WARN_INT_CONVERSION = YES;
				CLANG_WARN_OBJC_ROOT_CLASS = YES_ERROR;
				CLANG_WARN_UNREACHABLE_CODE = YES;
				CLANG_WARN__DUPLICATE_METHOD_MATCH = YES;
				"CODE_SIGN_IDENTITY[sdk=iphoneos*]" = "iPhone Developer";
				COPY_PHASE_STRIP = NO;
				DEBUG_INFORMATION_FORMAT = dwarf;
				ENABLE_STRICT_OBJC_MSGSEND = YES;
				ENABLE_TESTABILITY = YES;
				GCC_C_LANGUAGE_STANDARD = gnu99;
				GCC_DYNAMIC_NO_PIC = NO;
				GCC_NO_COMMON_BLOCKS = YES;
				GCC_OPTIMIZATION_LEVEL = 0;
				GCC_PREPROCESSOR_DEFINITIONS = (
					"DEBUG=1",
					"$(inherited)",
				);
				GCC_WARN_64_TO_32_BIT_CONVERSION = YES;
				GCC_WARN_ABOUT_RETURN_TYPE = YES_ERROR;
				GCC_WARN_UNDECLARED_SELECTOR = YES;
				GCC_WARN_UNINITIALIZED_AUTOS = YES_AGGRESSIVE;
				GCC_WARN_UNUSED_FUNCTION = YES;
				GCC_WARN_UNUSED_VARIABLE = YES;
				IPHONEOS_DEPLOYMENT_TARGET = 9.3;
				MTL_ENABLE_DEBUG_INFO = YES;
				ONLY_ACTIVE_ARCH = YES;
				SDKROOT = iphoneos;
				SWIFT_OPTIMIZATION_LEVEL = "-Onone";
				TARGETED_DEVICE_FAMILY = "1,2";
			};
			name = Debug;
		};
		5BAC54B61CEE4E680068BECA /* Release */ = {
			isa = XCBuildConfiguration;
			buildSettings = {
				ALWAYS_SEARCH_USER_PATHS = NO;
				CLANG_ANALYZER_NONNULL = YES;
				CLANG_CXX_LANGUAGE_STANDARD = "gnu++0x";
				CLANG_CXX_LIBRARY = "libc++";
				CLANG_ENABLE_MODULES = YES;
				CLANG_ENABLE_OBJC_ARC = YES;
				CLANG_WARN_BOOL_CONVERSION = YES;
				CLANG_WARN_CONSTANT_CONVERSION = YES;
				CLANG_WARN_DIRECT_OBJC_ISA_USAGE = YES_ERROR;
				CLANG_WARN_EMPTY_BODY = YES;
				CLANG_WARN_ENUM_CONVERSION = YES;
				CLANG_WARN_INT_CONVERSION = YES;
				CLANG_WARN_OBJC_ROOT_CLASS = YES_ERROR;
				CLANG_WARN_UNREACHABLE_CODE = YES;
				CLANG_WARN__DUPLICATE_METHOD_MATCH = YES;
				"CODE_SIGN_IDENTITY[sdk=iphoneos*]" = "iPhone Developer";
				COPY_PHASE_STRIP = NO;
				DEBUG_INFORMATION_FORMAT = "dwarf-with-dsym";
				ENABLE_NS_ASSERTIONS = NO;
				ENABLE_STRICT_OBJC_MSGSEND = YES;
				GCC_C_LANGUAGE_STANDARD = gnu99;
				GCC_NO_COMMON_BLOCKS = YES;
				GCC_WARN_64_TO_32_BIT_CONVERSION = YES;
				GCC_WARN_ABOUT_RETURN_TYPE = YES_ERROR;
				GCC_WARN_UNDECLARED_SELECTOR = YES;
				GCC_WARN_UNINITIALIZED_AUTOS = YES_AGGRESSIVE;
				GCC_WARN_UNUSED_FUNCTION = YES;
				GCC_WARN_UNUSED_VARIABLE = YES;
				IPHONEOS_DEPLOYMENT_TARGET = 9.3;
				MTL_ENABLE_DEBUG_INFO = NO;
				SDKROOT = iphoneos;
				TARGETED_DEVICE_FAMILY = "1,2";
				VALIDATE_PRODUCT = YES;
			};
			name = Release;
		};
		5BAC54B81CEE4E680068BECA /* Debug */ = {
			isa = XCBuildConfiguration;
			baseConfigurationReference = 6151EB817A0A56E4929BC15E /* Pods-jeanmichel.debug.xcconfig */;
			buildSettings = {
				ASSETCATALOG_COMPILER_APPICON_NAME = AppIcon;
				INFOPLIST_FILE = jeanmichel/Resources/Info.plist;
				LD_RUNPATH_SEARCH_PATHS = "$(inherited) @executable_path/Frameworks";
				PRODUCT_BUNDLE_IDENTIFIER = com.teamsamdy.jeanmichel;
				PRODUCT_NAME = "On The Air";
			};
			name = Debug;
		};
		5BAC54B91CEE4E680068BECA /* Release */ = {
			isa = XCBuildConfiguration;
			baseConfigurationReference = D1FE79C6C12FD9BD3B9039C4 /* Pods-jeanmichel.release.xcconfig */;
			buildSettings = {
				ASSETCATALOG_COMPILER_APPICON_NAME = AppIcon;
				INFOPLIST_FILE = jeanmichel/Resources/Info.plist;
				LD_RUNPATH_SEARCH_PATHS = "$(inherited) @executable_path/Frameworks";
				PRODUCT_BUNDLE_IDENTIFIER = com.teamsamdy.jeanmichel;
				PRODUCT_NAME = "On The Air";
			};
			name = Release;
		};
/* End XCBuildConfiguration section */

/* Begin XCConfigurationList section */
		5BAC54A01CEE4E680068BECA /* Build configuration list for PBXProject "jeanmichel" */ = {
			isa = XCConfigurationList;
			buildConfigurations = (
				5BAC54B51CEE4E680068BECA /* Debug */,
				5BAC54B61CEE4E680068BECA /* Release */,
			);
			defaultConfigurationIsVisible = 0;
			defaultConfigurationName = Release;
		};
		5BAC54B71CEE4E680068BECA /* Build configuration list for PBXNativeTarget "jeanmichel" */ = {
			isa = XCConfigurationList;
			buildConfigurations = (
				5BAC54B81CEE4E680068BECA /* Debug */,
				5BAC54B91CEE4E680068BECA /* Release */,
			);
			defaultConfigurationIsVisible = 0;
			defaultConfigurationName = Release;
		};
/* End XCConfigurationList section */
	};
	rootObject = 5BAC549D1CEE4E680068BECA /* Project object */;
}
